{
  "name": "qiu-yu-portfolio",
  "version": "1.0.0",
  "lockfileVersion": 3,
  "requires": true,
  "packages": {
    "": {
      "name": "qiu-yu-portfolio",
      "version": "1.0.0",
      "dependencies": {
        "@fontsource-variable/manrope": "^5.2.8",
        "@fontsource-variable/noto-sans-sc": "^5.2.8",
        "@react-three/drei": "^10.7.4",
        "@react-three/fiber": "^9.3.0",
        "lucide-react": "^0.468.0",
        "motion": "^11.15.0",
        "react": "^19.0.0",
        "react-dom": "^19.0.0",
        "three": "^0.185.1"
      },
      "devDependencies": {
        "@eslint/js": "^9.17.0",
        "@tailwindcss/vite": "^4.0.0",
        "@types/react": "^19.0.3",
        "@types/react-dom": "^19.0.2",
        "@types/three": "^0.185.4",
        "@vitejs/plugin-react": "^4.3.4",
        "eslint": "^9.17.0",
        "eslint-plugin-react-hooks": "^5.0.0",
        "eslint-plugin-react-refresh": "^0.4.16",
        "globals": "^15.14.0",
        "tailwindcss": "^4.0.0",
        "typescript": "~5.7.2",
        "typescript-eslint": "^8.18.2",
        "vite": "^6.0.5"
      }
    },
    "node_modules/@babel/code-frame": {
      "version": "7.29.7",
      "resolved": "https://registry.npmjs.org/@babel/code-frame/-/code-frame-7.29.7.tgz",
      "integrity": "sha512-Aup7aUOfpbAUg2ROOJN6Iw5f9DMBlzu0mIkm/malLQFN/YQgO48wCj0Kxa3sEHJvPVFg7siR+qRInwXd2qhQKw==",
      "dev": true,
      "license": "MIT",
      "dependencies": {
        "@babel/helper-validator-identifier": "^7.29.7",
        "js-tokens": "^4.0.0",
        "picocolors": "^1.1.1"
      },
      "engines": {
        "node": ">=6.9.0"
      }
    },
    "node_modules/@babel/compat-data": {
      "version": "7.29.7",
      "resolved": "https://registry.npmjs.org/@babel/compat-data/-/compat-data-7.29.7.tgz",
      "integrity": "sha512-locTkQyKvwIEgBzVrn8693ebc97F2U8ZHjbXwDXJ5Fn2TCpNwTlKcaKLkdHop5c/icOFE7qt7Q9JC5hnKNa6Gg==",
      "dev": true,
      "license": "MIT",
      "engines": {
        "node": ">=6.9.0"
      }
    },
    "node_modules/@babel/core": {
      "version": "7.29.7",
      "resolved": "https://registry.npmjs.org/@babel/core/-/core-7.29.7.tgz",
      "integrity": "sha512-RgHBCvtjbOK2gXSNBNIkNoEc9qoVEtau3hj8gEqKQuL3HZAibKarWFEI3Lfm6EYKkLalOh8eSrj9b+ch9H/VBA==",
      "dev": true,
      "license": "MIT",
      "dependencies": {
        "@babel/code-frame": "^7.29.7",
        "@babel/generator": "^7.29.7",
        "@babel/helper-compilation-targets": "^7.29.7",
        "@babel/helper-module-transforms": "^7.29.7",
        "@babel/helpers": "^7.29.7",
        "@babel/parser": "^7.29.7",
        "@babel/template": "^7.29.7",
        "@babel/traverse": "^7.29.7",
        "@babel/types": "^7.29.7",
        "@jridgewell/remapping": "^2.3.5",
        "convert-source-map": "^2.0.0",
        "debug": "^4.1.0",
        "gensync": "^1.0.0-beta.2",
        "json5": "^2.2.3",
        "semver": "^6.3.1"
      },
      "engines": {
        "node": ">=6.9.0"
      },
      "funding": {
        "type": "opencollective",
        "url": "https://opencollective.com/babel"
      }
    },
    "node_modules/@babel/generator": {
      "version": "7.29.8",
      "resolved": "https://registry.npmjs.org/@babel/generator/-/generator-7.29.8.tgz",
      "integrity": "sha512-gZbepsdh3WDtgZKWL+vTPh71LSBrm/Y4/QDZBVCcYfmeTEEuoOYwlSy+G1StfJg+/Zy550u/3TATbm7qDbbMtg==",
      "dev": true,
      "license": "MIT",
      "dependencies": {
        "@babel/parser": "^7.29.8",
        "@babel/types": "^7.29.8",
        "@jridgewell/gen-mapping": "^0.3.12",
        "@jridgewell/trace-mapping": "^0.3.28",
        "jsesc": "^3.0.2"
      },
      "engines": {
        "node": ">=6.9.0"
      }
    },
    "node_modules/@babel/helper-compilation-targets": {
      "version": "7.29.7",
      "resolved": "https://registry.npmjs.org/@babel/helper-compilation-targets/-/helper-compilation-targets-7.29.7.tgz",
      "integrity": "sha512-wem6WaBj4NaVYVdNhLPPVacES6ZJ+KBBfSkTMD3YZxbP3rm3Di85tJU5ljaUNhaOynt+Aj0xruhYuzQBt8n71g==",
      "dev": true,
      "license": "MIT",
      "dependencies": {
        "@babel/compat-data": "^7.29.7",
        "@babel/helper-validator-option": "^7.29.7",
        "browserslist": "^4.24.0",
        "lru-cache": "^5.1.1",
        "semver": "^6.3.1"
      },
      "engines": {
        "node": ">=6.9.0"
      }
    },
    "node_modules/@babel/helper-globals": {
      "version": "7.29.7",
      "resolved": "https://registry.npmjs.org/@babel/helper-globals/-/helper-globals-7.29.7.tgz",
      "integrity": "sha512-3nQVUAtvkKH9zahfWgw96Jc/uFOmjACE1kQz82E2lqWmHBgjzbNlsC22nuQTfahmWeQtTq5nQ/4Nnd2A1wj4zA==",
      "dev": true,
      "license": "MIT",
      "engines": {
        "node": ">=6.9.0"
      }
    },
    "node_modules/@babel/helper-module-imports": {
      "version": "7.29.7",
      "resolved": "https://registry.npmjs.org/@babel/helper-module-imports/-/helper-module-imports-7.29.7.tgz",
      "integrity": "sha512-ejHwrQQYcm9xnTivShn2IDOlIzInN34AXskvq9QicvCtEzq1Vzclu/tKF8Jq1Cg8JG2GL6/EmjgsCT7lXepE3g==",
      "dev": true,
      "license": "MIT",
      "dependencies": {
        "@babel/traverse": "^7.29.7",
        "@babel/types": "^7.29.7"
      },
      "engines": {
        "node": ">=6.9.0"
      }
    },
    "node_modules/@babel/helper-module-transforms": {
      "version": "7.29.7",
      "resolved": "https://registry.npmjs.org/@babel/helper-module-transforms/-/helper-module-transforms-7.29.7.tgz",
      "integrity": "sha512-UPUVSyXbOh627KiCIGQSgwWzGeBKLkaJ9PJEdrngIwMSzxLR4jS4+f1f1jb7VzBbg8nFLaYotvVPFCTqdrmTAg==",
      "dev": true,
      "license": "MIT",
      "dependencies": {
        "@babel/helper-module-imports": "^7.29.7",
        "@babel/helper-validator-identifier": "^7.29.7",
        "@babel/traverse": "^7.29.7"
      },
      "engines": {
        "node": ">=6.9.0"
      },
      "peerDependencies": {
        "@babel/core": "^7.0.0"
      }
    },
    "node_modules/@babel/helper-plugin-utils": {
      "version": "7.29.7",
      "resolved": "https://registry.npmjs.org/@babel/helper-plugin-utils/-/helper-plugin-utils-7.29.7.tgz",
      "integrity": "sha512-G7sHYigPY17oO5SYWnfD/0MTBwVR781S/JI643e/JhUYgVgWE/61SoW3NH9KWUKyKq5LVh3npif99Wkt6j86Jw==",
      "dev": true,
      "license": "MIT",
      "engines": {
        "node": ">=6.9.0"
      }
    },
    "node_modules/@babel/helper-string-parser": {
      "version": "7.29.7",
      "resolved": "https://registry.npmjs.org/@babel/helper-string-parser/-/helper-string-parser-7.29.7.tgz",
      "integrity": "sha512-Pb5ijPrZ89GDH8223L4UP8i6QApWxs04RbPQJTeWDV0/keR2E36MeKnyr6LYmUUvqRRI+Iv87SuF1W6ErINzYw==",
      "dev": true,
      "license": "MIT",
      "engines": {
        "node": ">=6.9.0"
      }
    },
    "node_modules/@babel/helper-validator-identifier": {
      "version": "7.29.7",
      "resolved": "https://registry.npmjs.org/@babel/helper-validator-identifier/-/helper-validator-identifier-7.29.7.tgz",
      "integrity": "sha512-qehxGkRj55h/ff8EMaJ+cYhyaKlHIxqYDn682wQD7RNp9UujOQsHog2uS0r2vzr4pW+sXf90NeeayjcNaX3fFg==",
      "dev": true,
      "license": "MIT",
      "engines": {
        "node": ">=6.9.0"
      }
    },
    "node_modules/@babel/helper-validator-option": {
      "version": "7.29.7",
      "resolved": "https://registry.npmjs.org/@babel/helper-validator-option/-/helper-validator-option-7.29.7.tgz",
      "integrity": "sha512-N9ZErrD+yW5geCDtBqnOoxmR8+tNKiGuxKlDpuJxfsqpa2dFcexaziGAE/qoHLiDDreVNMupxGmSoNlyvsA3gw==",
      "dev": true,
      "license": "MIT",
      "engines": {
        "node": ">=6.9.0"
      }
    },
    "node_modules/@babel/helpers": {
      "version": "7.29.7",
      "resolved": "https://registry.npmjs.org/@babel/helpers/-/helpers-7.29.7.tgz",
      "integrity": "sha512-1k2lAGRMfHTcwuNYcCNUmaUffmQv8KWMfh2iJUUeRlwlwH4FdNG7mfPI10NPfLHJFThE4Tyr4mv7kTNZOiPuBg==",
      "dev": true,
      "license": "MIT",
      "dependencies": {
        "@babel/template": "^7.29.7",
        "@babel/types": "^7.29.7"
      },
      "engines": {
        "node": ">=6.9.0"
      }
    },
    "node_modules/@babel/parser": {
      "version": "7.29.8",
      "resolved": "https://registry.npmjs.org/@babel/parser/-/parser-7.29.8.tgz",
      "integrity": "sha512-E8lTAYNB1KW+FH+VGJuZM1ioAx2E6oVlvQFRrf5P8ZZmsiJXYAD9vTFV7yyEURNzgh1dFqMZuO6tUwcARbqFCA==",
      "dev": true,
      "license": "MIT",
      "dependencies": {
        "@babel/types": "^7.29.8"
      },
      "bin": {
        "parser": "bin/babel-parser.js"
      },
      "engines": {
        "node": ">=6.0.0"
      }
    },
    "node_modules/@babel/plugin-transform-react-jsx-self": {
      "version": "7.29.7",
      "resolved": "https://registry.npmjs.org/@babel/plugin-transform-react-jsx-self/-/plugin-transform-react-jsx-self-7.29.7.tgz",
      "integrity": "sha512-TL0hMc9xzy86VD31nUiwzd5otRAcyEPcsegCxolO0PvcXuH1v0kECe/UIznYFihpkvU5wg/jk4v0TTEFfm53fw==",
      "dev": true,
      "license": "MIT",
      "dependencies": {
        "@babel/helper-plugin-utils": "^7.29.7"
      },
      "engines": {
        "node": ">=6.9.0"
      },
      "peerDependencies": {
        "@babel/core": "^7.0.0-0"
      }
    },
    "node_modules/@babel/plugin-transform-react-jsx-source": {
      "version": "7.29.7",
      "resolved": "https://registry.npmjs.org/@babel/plugin-transform-react-jsx-source/-/plugin-transform-react-jsx-source-7.29.7.tgz",
      "integrity": "sha512-06IyK09H3wi4cGbhDBwp5gUGo0IKtnYa8tyTiephirPCK6fbobVGiXMMI5zLQ4aKEYP3wZ3ArU44o+8KMrSG/Q==",
      "dev": true,
      "license": "MIT",
      "dependencies": {
        "@babel/helper-plugin-utils": "^7.29.7"
      },
      "engines": {
        "node": ">=6.9.0"
      },
      "peerDependencies": {
        "@babel/core": "^7.0.0-0"
      }
    },
    "node_modules/@babel/runtime": {
      "version": "7.29.7",
      "resolved": "https://registry.npmjs.org/@babel/runtime/-/runtime-7.29.7.tgz",
      "integrity": "sha512-Nq8OhGWiZIZGV6hLHoyAKLLcJihP/xFeBMGJoUrxTX2psI8dCifzLhZISFb+VWS3wFMRDmCGw5R+dOySCqPLhw==",
      "license": "MIT",
      "engines": {
        "node": ">=6.9.0"
      }
    },
    "node_modules/@babel/template": {
      "version": "7.29.7",
      "resolved": "https://registry.npmjs.org/@babel/template/-/template-7.29.7.tgz",
      "integrity": "sha512-puq+Gf35oI24FeN11LkoUQFqv9uwNeWpxXZi/Ji3rRIoKAzKnxRaZ+Gkj0vKS9ZCiTESfng1N9LyOyXvo+m+Gg==",
      "dev": true,
      "license": "MIT",
      "dependencies": {
        "@babel/code-frame": "^7.29.7",
        "@babel/parser": "^7.29.7",
        "@babel/types": "^7.29.7"
      },
      "engines": {
        "node": ">=6.9.0"
      }
    },
    "node_modules/@babel/traverse": {
      "version": "7.29.8",
      "resolved": "https://registry.npmjs.org/@babel/traverse/-/traverse-7.29.8.tgz",
      "integrity": "sha512-I5z7H3bf/41ktsNVLtpN0wAa336HkqIHQ5BuPLEhTkt1jVSyZpeNKIzTgEWmlxjdg81R0IgUCcaE+Ok3NvrfZg==",
      "dev": true,
      "license": "MIT",
      "dependencies": {
        "@babel/code-frame": "^7.29.7",
        "@babel/generator": "^7.29.8",
        "@babel/helper-globals": "^7.29.7",
        "@babel/parser": "^7.29.8",
        "@babel/template": "^7.29.7",
        "@babel/types": "^7.29.8",
        "debug": "^4.3.1"
      },
      "engines": {
        "node": ">=6.9.0"
      }
    },
    "node_modules/@babel/types": {
      "version": "7.29.8",
      "resolved": "https://registry.npmjs.org/@babel/types/-/types-7.29.8.tgz",
      "integrity": "sha512-Vj1jF3cPfxg7OAfoI7QnVKLoILlm2JF9pnVHrX8qx7AHMiYWT+NDAA7jChlNgRS4WTLc/fD1lXLmPixluj+3Gg==",
      "dev": true,
      "license": "MIT",
      "dependencies": {
        "@babel/helper-string-parser": "^7.29.7",
        "@babel/helper-validator-identifier": "^7.29.7"
      },
      "engines": {
        "node": ">=6.9.0"
      }
    },
    "node_modules/@dimforge/rapier3d-compat": {
      "version": "0.12.0",
      "resolved": "https://registry.npmjs.org/@dimforge/rapier3d-compat/-/rapier3d-compat-0.12.0.tgz",
      "integrity": "sha512-uekIGetywIgopfD97oDL5PfeezkFpNhwlzlaEYNOA0N6ghdsOvh/HYjSMek5Q2O1PYvRSDFcqFVJl4r4ZBwOow==",
      "license": "Apache-2.0"
    },
    "node_modules/@esbuild/aix-ppc64": {
      "version": "0.25.12",
      "resolved": "https://registry.npmjs.org/@esbuild/aix-ppc64/-/aix-ppc64-0.25.12.tgz",
      "integrity": "sha512-Hhmwd6CInZ3dwpuGTF8fJG6yoWmsToE+vYgD4nytZVxcu1ulHpUQRAB1UJ8+N1Am3Mz4+xOByoQoSZf4D+CpkA==",
      "cpu": [
        "ppc64"
      ],
      "dev": true,
      "license": "MIT",
      "optional": true,
      "os": [
        "aix"
      ],
      "engines": {
        "node": ">=18"
      }
    },
    "node_modules/@esbuild/android-arm": {
      "version": "0.25.12",
      "resolved": "https://registry.npmjs.org/@esbuild/android-arm/-/android-arm-0.25.12.tgz",
      "integrity": "sha512-VJ+sKvNA/GE7Ccacc9Cha7bpS8nyzVv0jdVgwNDaR4gDMC/2TTRc33Ip8qrNYUcpkOHUT5OZ0bUcNNVZQ9RLlg==",
      "cpu": [
        "arm"
      ],
      "dev": true,
      "license": "MIT",
      "optional": true,
      "os": [
        "android"
      ],
      "engines": {
        "node": ">=18"
      }
    },
    "node_modules/@esbuild/android-arm64": {
      "version": "0.25.12",
      "resolved": "https://registry.npmjs.org/@esbuild/android-arm64/-/android-arm64-0.25.12.tgz",
      "integrity": "sha512-6AAmLG7zwD1Z159jCKPvAxZd4y/VTO0VkprYy+3N2FtJ8+BQWFXU+OxARIwA46c5tdD9SsKGZ/1ocqBS/gAKHg==",
      "cpu": [
        "arm64"
      ],
      "dev": true,
      "license": "MIT",
      "optional": true,
      "os": [
        "android"
      ],
      "engines": {
        "node": ">=18"
      }
    },
    "node_modules/@esbuild/android-x64": {
      "version": "0.25.12",
      "resolved": "https://registry.npmjs.org/@esbuild/android-x64/-/android-x64-0.25.12.tgz",
      "integrity": "sha512-5jbb+2hhDHx5phYR2By8GTWEzn6I9UqR11Kwf22iKbNpYrsmRB18aX/9ivc5cabcUiAT/wM+YIZ6SG9QO6a8kg==",
      "cpu": [
        "x64"
      ],
      "dev": true,
      "license": "MIT",
      "optional": true,
      "os": [
        "android"
      ],
      "engines": {
        "node": ">=18"
      }
    },
    "node_modules/@esbuild/darwin-arm64": {
      "version": "0.25.12",
      "resolved": "https://registry.npmjs.org/@esbuild/darwin-arm64/-/darwin-arm64-0.25.12.tgz",
      "integrity": "sha512-N3zl+lxHCifgIlcMUP5016ESkeQjLj/959RxxNYIthIg+CQHInujFuXeWbWMgnTo4cp5XVHqFPmpyu9J65C1Yg==",
      "cpu": [
        "arm64"
      ],
      "dev": true,
      "license": "MIT",
      "optional": true,
      "os": [
        "darwin"
      ],
      "engines": {
        "node": ">=18"
      }
    },
    "node_modules/@esbuild/darwin-x64": {
      "version": "0.25.12",
      "resolved": "https://registry.npmjs.org/@esbuild/darwin-x64/-/darwin-x64-0.25.12.tgz",
      "integrity": "sha512-HQ9ka4Kx21qHXwtlTUVbKJOAnmG1ipXhdWTmNXiPzPfWKpXqASVcWdnf2bnL73wgjNrFXAa3yYvBSd9pzfEIpA==",
      "cpu": [
        "x64"
      ],
      "dev": true,
      "license": "MIT",
      "optional": true,
      "os": [
        "darwin"
      ],
      "engines": {
        "node":ãvòÚ$z{-®éÜj×‚ ¢Ð¢ÒÀ¢&æöFUöÖöGVÆW2÷7W7VæB×&V7B#¢°¢'fW'6–öâ#¢#ãã2"À¢'&W6öÇfVB#¢&‡GG3¢ò÷&Vv—7G'’æçÖ§2æ÷&r÷7W7VæB×&V7BòÒ÷7W7VæB×&V7BÓãã2çFw¢"À¢&–çFVw&—G’#¢'6†S"ÖÆD¶uƒ–§ôG6S‚ô%£„FÓwƒ¦Â·“5¤·„Dã’ô•EuWt'‚ôÖæÖÅd£7v÷w&æóf3&&Ö”–g2µVÓdÆ'6¤§•ÓÒ"À¢&Æ–6Vç6R#¢$Ô•B"À¢'VW$FWVæFVæ6–W2#¢°¢'&V7B#¢#ãÓrã ¢Ð¢ÒÀ¢&æöFUöÖöGVÆW2÷F–Çv–æF772#¢°¢'fW'6–öâ#¢#Bã2ã2"À¢'&W6öÇfVB#¢&‡GG3¢ò÷&Vv—7G'’æçÖ§2æ÷&r÷F–Çv–æF772òÒ÷F–Çv–æF772ÓBã2ã2çFw¢"À¢&–çFVw&—G’#¢'6†S"Ötö…c5wVdSc%Dvs¥fFt5"´WEc“&³&ä–…f5d¶4Æ×…C5T'5v†å¦£sV¢´×'CG¤Äcv–2·45–¦f‡„×†£u•ÓÒ"À¢&FWb#¢G'VRÀ¢&Æ–6Vç6R#¢$Ô•B ¢ÒÀ¢&æöFUöÖöGVÆW2÷F&ÆR#¢°¢'fW'6–öâ#¢#"ã2ã2"À¢'&W6öÇfVB#¢&‡GG3¢ò÷&Vv—7G'’æçÖ§2æ÷&r÷F&ÆRòÒ÷F&ÆRÓ"ã2ã2çFw¢"À¢&–çFVw&—G’#¢'6†S"×W†2÷§fsgƒt3‡dôSvÆƒdÆ&F†TTÃ—¦ÕfÒõÆUE%&†ƒ„6vEv´£5V–Tw–fÓ$†GG5W'b´‡6†–4$Ö63dÓÒ"À¢&FWb#¢G'VRÀ¢&Æ–6Vç6R#¢$Ô•B"À¢&Væv–æW2#¢°¢&æöFR#¢#ãÓb ¢ÒÀ¢&gVæF–ær#¢°¢'G—R#¢&÷Væ6öÆÆV7F—fR"À¢'W&Â#¢&‡GG3¢òö÷Væ6öÆÆV7F—fRæ6öÒ÷vV'6² ¢Ð¢ÒÀ¢&æöFUöÖöGVÆW2÷F‡&VR#¢°¢'fW'6–öâ#¢#ãƒRã"À¢'&W6öÇfVB#¢&‡GG3¢ò÷&Vv—7G'’æçÖ§2æ÷&r÷F‡&VRòÒ÷F‡&VRÓãƒRãçFw¢"À¢&–çFVw&—G’#¢'6†S"ÓVö¤d5„·væ¤%%§eVçC5tfdV7eT¦v´ãTÆÆ–¥$dã“V„×“…uf´sD“æ4¤R´÷UwgT£$öE7G&&e†ã¶Cbõ–”ÆsÓÒ"À¢&Æ–6Vç6R#¢$Ô•B ¢ÒÀ¢&æöFUöÖöGVÆW2÷F‡&VRÖÖW6‚Ö'f‚#¢°¢'fW'6–öâ#¢#ã‚ã2"À¢'&W6öÇfVB#¢&‡GG3¢ò÷&Vv—7G'’æçÖ§2æ÷&r÷F‡&VRÖÖW6‚Ö'f‚òÒ÷F‡&VRÖÖW6‚Ö'f‚Óã‚ã2çFw¢"À¢&–çFVw&—G’#¢'6†S"ÓDsVÄ&b¶s&Tµƒ5—‚´Ô¤3fõgCg4#V²´66…3dö#dƒ”–‡UV³U—#v·G4—’¶Æ$7Sƒôeeuc“Ö”sÓÒ"À¢&Æ–6Vç6R#¢$Ô•B"À¢'VW$FWVæFVæ6–W2#¢°¢'F‡&VR#¢#ãÒãS’ã ¢Ð¢ÒÀ¢&æöFUöÖöGVÆW2÷F‡&VR×7FFÆ–"#¢°¢'fW'6–öâ#¢#"ã3bã"À¢'&W6öÇfVB#¢&‡GG3¢ò÷&Vv—7G'’æçÖ§2æ÷&r÷F‡&VR×7FFÆ–"òÒ÷F‡&VR×7FFÆ–"Ó"ã3bãçFw¢"À¢&–çFVw&—G’#¢'6†S"Õ‡”u$fÔåTòô–ô¶ÓSSfgGt·4&sD–#3Ô#VEtæ–7¦•$W3&s6wDõ”–cwf”Æ¤“&uWv‡D6§c–fÖ¦ç„µ£6sÓÒ"À¢&Æ–6Vç6R#¢$Ô•B"À¢&FWVæFVæ6–W2#¢°¢$G—W2öG&6ó6B#¢%ããBã"À¢$G—W2ööfg67&VVæ6çf2#¢%ã#’ãbãB"À¢$G—W2÷vV'‡"#¢%ããRã""À¢&G&6ó6B#¢%ããBã"À¢&ffÆFR#¢%ããbã’"À¢'÷G6²#¢%ããã ¢ÒÀ¢'VW$FWVæFVæ6–W2#¢°¢'F‡&VR#¢#ãÓã#‚ã ¢Ð¢ÒÀ¢&æöFUöÖöGVÆW2÷F‡&VR×7FFÆ–"öæöFUöÖöGVÆW2öffÆFR#¢°¢'fW'6–öâ#¢#ãbã"À¢'&W6öÇfVB#¢&‡GG3¢ò÷&Vv—7G'’æçÖ§2æ÷&röffÆFRòÒöffÆFRÓãbãçFw¢"À¢&–çFVw&—G’#¢'6†S"Ó4§”Tetv¤fãw¤†Öö’·¤s&Õsuƒ&ö¶6Ô"³6çS•Tf%g2ö¤4&æÃ$†ócU¦Å†—sCT³6T$Ó7TÇW§%•„3$³vTFsÓÒ"À¢&Æ–6Vç6R#¢$Ô•B ¢ÒÀ¢&æöFUöÖöGVÆW2÷F–ç–vÆö&'’#¢°¢'fW'6–öâ#¢#ã"ãr"À¢'&W6öÇfVB#¢&‡GG3¢ò÷&Vv—7G'’æçÖ§2æ÷&r÷F–ç–vÆö&'’òÒ÷F–ç–vÆö&'’Óã"ãrçFw¢"À¢&–çFVw&—G’#¢'6†S"×u…"öE—7¶ÖewVE¦¦”´¤÷t4äfæDCDÖç%rö5–¥dwGDV´&efv4Äd†ôç&Æ£CvÖ¤õf–3——”çScVÇ6tcDå•F&sÓÒ"À¢&FWb#¢G'VRÀ¢&Æ–6Vç6R#¢$Ô•B"À¢&FWVæFVæ6–W2#¢°¢&fF—"#¢%ãbãRã"À¢'–6öÖF6‚#¢%ãBããB ¢ÒÀ¢&Væv–æW2#¢°¢&æöFR#¢#ãÓ"ãã ¢ÒÀ¢&gVæF–ær#¢°¢'W&Â#¢&‡GG3¢òöv—F‡V"æ6öÒ÷7öç6÷'2õ7WW&6‡WTFWb ¢Ð¢ÒÀ¢&æöFUöÖöGVÆW2÷G&ö–¶×F‡&VR×FW‡B#¢°¢'fW'6–öâ#¢#ãS"ãR"À¢'&W6öÇfVB#¢&‡GG3¢ò÷&Vv—7G'’æçÖ§2æ÷&r÷G&ö–¶×F‡&VR×FW‡BòÒ÷G&ö–¶×F‡&VR×FW‡BÓãS"ãRçFw¢"À¢&–çFVw&—G’#¢'6†S"Õ'“6¥&†–3—¦5“D¦GU7e%'”FÕdõ7Us–uCGgD²¶6•åf4FÆÖ·‡dts–$fC3e%DGtW„÷W†çdäbö£ö”„„DÓÒ"À¢&Æ–6Vç6R#¢$Ô•B"À¢&FWVæFVæ6–W2#¢°¢&&–F’Ö§2#¢%ããã""À¢'G&ö–¶×F‡&VR×WF–Ç2#¢%ããS"ãR"À¢'G&ö–¶×v÷&¶W"×WF–Ç2#¢%ããS"ã"À¢'vV&vÂ×6FbÖvVæW&F÷"#¢#ãã ¢ÒÀ¢'VW$FWVæFVæ6–W2#¢°¢'F‡&VR#¢#ãÓã#Rã ¢Ð¢ÒÀ¢&æöFUöÖöGVÆW2÷G&ö–¶×F‡&VR×WF–Ç2#¢°¢'fW'6–öâ#¢#ãS"ãR"À¢'&W6öÇfVB#¢&‡GG3¢ò÷&Vv—7G'’æçÖ§2æ÷&r÷G&ö–¶×F‡&VR×WF–Ç2òÒ÷G&ö–¶×F‡&VR×WF–Ç2ÓãS"ãRçFw¢"À¢&–çFVw&—G’#¢'6†S"Õw6U&5ƒ…'Ff–E&g7„³T5¤6¤cƒ¤G¤´„‚öWdÇ3†Ec'wô6#d$u¤†G¦Dô§%536³G¦fGF$´F&ƒ‚·†·%–çsÓÒ"À¢&Æ–6Vç6R#¢$Ô•B"À¢'VW$FWVæFVæ6–W2#¢°¢'F‡&VR#¢#ãÓã#Rã ¢Ð¢ÒÀ¢&æöFUöÖöGVÆW2÷G&ö–¶×v÷&¶W"×WF–Ç2#¢°¢'fW'6–öâ#¢#ãS"ã"À¢'&W6öÇfVB#¢&‡GG3¢ò÷&Vv—7G'’æçÖ§2æ÷&r÷G&ö–¶×v÷&¶W"×WF–Ç2òÒ÷G&ö–¶×v÷&¶W"×WF–Ç2ÓãS"ãçFw¢"À¢&–çFVw&—G’#¢'6†S"Õs7eD‡–¶ƒV''cUd„Æeó”Cõ—Vó54$UUdeBöä%W¤Ó†”CdÇ"÷FtröcöVÆ$3wFE¤SWTÓC–VvææwsÓÒ"À¢&Æ–6Vç6R#¢$Ô•B ¢ÒÀ¢&æöFUöÖöGVÆW2÷G2Ö’×WF–Ç2#¢°¢'fW'6–öâ#¢#"ãRã"À¢'&W6öÇfVB#¢&‡GG3¢ò÷&Vv—7G'’æçÖ§2æ÷&r÷G2Ö’×WF–Ç2òÒ÷G2Ö’×WF–Ç2Ó"ãRãçFw¢"À¢&–çFVw&—G’#¢'6†S"Ôô¢ö–'†…Ç$ÔÓV”ä„¢ó4µ¶ô´c#C2ôV×ÇC7&vµs…dst–dõ3Cƒuc…F¤•GD'”‡§&¦52ó'6’·“FÄ–ƒ„äÓÒ"À¢&FWb#¢G'VRÀ¢&Æ–6Vç6R#¢$Ô•B"À¢&Væv–æW2#¢°¢&æöFR#¢#ãÓ‚ã" ¢ÒÀ¢'VW$FWVæFVæ6–W2#¢°¢'G—W67&—B#¢#ãÓBã‚ãB ¢Ð¢ÒÀ¢&æöFUöÖöGVÆW2÷G6Æ–"#¢°¢'fW'6–öâ#¢#"ã‚ã"À¢'&W6öÇfVB#¢&‡GG3¢ò÷&Vv—7G'’æçÖ§2æ÷&r÷G6Æ–"òÒ÷G6Æ–"Ó"ã‚ãçFw¢"À¢&–çFVw&—G’#¢'6†S"Öô¤gS“D…"´µfGU5UÃwvç×æfÔÇ4ôöäƒf#dTƒt4Vô³öÕU…Sf37t´Ecƒ4Ö´÷T…$‡E5„´µS“””&¥2ó'sÓÒ"À¢&Æ–6Vç6R#¢#%4B ¢ÒÀ¢&æöFUöÖöGVÆW2÷GVææVÂ×&B#¢°¢'fW'6–öâ#¢#ãã""À¢'&W6öÇfVB#¢&‡GG3¢ò÷&Vv—7G'’æçÖ§2æ÷&r÷GVææVÂ×&BòÒ÷GVææVÂ×&BÓãã"çFw¢"À¢&–çFVw&—G’#¢'6†S"ÖÅ#Ud†Öµ‡¦F‡$Ó“&Ä“&ä74ÄóEV$c÷–ôö‡¥ƒv2·t—$ãv¤„ç¤63“Ç„&’¶6çƒ‡ed¢µW#gdÃV4VõgÓÒ"À¢&Æ–6Vç6R#¢$Ô•B"À¢&FWVæFVæ6–W2#¢°¢'§W7FæB#¢%ãBã2ã" ¢Ð¢ÒÀ¢&æöFUöÖöGVÆW2÷GVææVÂ×&BöæöFUöÖöGVÆW2÷§W7FæB#¢°¢'fW'6–öâ#¢#BãRãr"À¢'&W6öÇfVB#¢&‡GG3¢ò÷&Vv—7G'’æçÖ§2æ÷&r÷§W7FæBòÒ÷§W7FæBÓBãRãrçFw¢"À¢&–çFVw&—G’#¢'6†S"Ô4„õW“v×S6Æ$CfódÄ¤ÆfÆÇ¦·¦„……4&Åƒ„#’·FEW4–fTcU2õU£W¶Ô76å'CT„e¦6„ädDG¤Ö%7VW4…vÇsÓÒ"À¢&Æ–6Vç6R#¢$Ô•B"À¢&FWVæFVæ6–W2#¢°¢'W6R×7–æ2ÖW‡FW&æÂ×7F÷&R#¢%ãã"ã" ¢ÒÀ¢&Væv–æW2#¢°¢&æöFR#¢#ãÓ"ãrã ¢ÒÀ¢'VW$FWVæFVæ6–W2#¢°¢$G—W2÷&V7B#¢#ãÓbã‚"À¢&–ÖÖW"#¢#ãÓ’ããb"À¢'&V7B#¢#ãÓbã‚ ¢ÒÀ¢'VW$FWVæFVæ6–W4ÖWF#¢°¢$G—W2÷&V7B#¢°¢&÷F–öæÂ#¢G'VP¢ÒÀ¢&–ÖÖW"#¢°¢&÷F–öæÂ#¢G'VP¢ÒÀ¢'&V7B#¢°¢&÷F–öæÂ#¢G'VP¢Ð¢Ð¢ÒÀ¢&æöFUöÖöGVÆW2÷G—RÖ6†V6²#¢°¢'fW'6–öâ#¢#ãBã"À¢'&W6öÇfVB#¢&‡GG3¢ò÷&Vv—7G'’æçÖ§2æ÷&r÷G—RÖ6†V6²òÒ÷G—RÖ6†V6²ÓãBãçFw¢"À¢&–çFVw&—G’#¢'6†S"Õ†ÆUVö3—Wtu‡¥wu†UE¤×¤Ö4e£SƒS…'ggƒW#W„–6—…„•³„ÆädFu'ÅS3W3gFWFÇ6´fgR¶SD³s”ööWsÓÒ"À¢&FWb#¢G'VRÀ¢&Æ–6Vç6R#¢$Ô•B"À¢&FWVæFVæ6–W2#¢°¢'&VÇVFRÖÇ2#¢%ãã"ã ¢ÒÀ¢&Væv–æW2#¢°¢&æöFR#¢#ãÒã‚ã ¢Ð¢ÒÀ¢&æöFUöÖöGVÆW2÷G—W67&—B#¢°¢'fW'6–öâ#¢#Rãrã2"À¢'&W6öÇfVB#¢&‡GG3¢ò÷&Vv—7G'’æçÖ§2æ÷&r÷G—W67&—BòÒ÷G—W67&—BÓRãrã2çFw¢"À¢&–çFVw&—G’#¢'6†S"ÓƒDÕe6¤ÔT…´e%“7ƒ—5Eebô”ä–Wƒs3•DÃ$vÓTdrõts7†T·•£³rö&Å’óDfD÷¤“$4'“dv3FöröWW3gsÓÒ"À¢&FWb#¢G'VRÀ¢&Æ–6Vç6R#¢$6†RÓ"ã"À¢&&–â#¢°¢'G62#¢&&–â÷G62"À¢'G76W'fW"#¢&&–â÷G76W'fW" ¢ÒÀ¢&Væv–æW2#¢°¢&æöFR#¢#ãÓBãr ¢Ð¢ÒÀ¢&æöFUöÖöGVÆW2÷G—W67&—BÖW6Æ–çB#¢°¢'fW'6–öâ#¢#‚ãcbã"À¢'&W6öÇfVB#¢&‡GG3¢ò÷&Vv—7G'’æçÖ§2æ÷&r÷G—W67&—BÖW6Æ–çBòÒ÷G—W67&—BÖW6Æ–çBÓ‚ãcbãçFw¢"À¢&–çFVw&—G’#¢'6†S"ÕÄV$%¢õ'T£…T†£#–æÓ7Cbôòö56ÄVæçF÷§õ”†æåDt„fÖäÔ'SV“•fãgf…U„t¥"µfÂ³T£‡eâô$ÕW$§sÓÒ"À¢&FWb#¢G'VRÀ¢&Æ–6Vç6R#¢$Ô•B"À¢&FWVæFVæ6–W2#¢°¢$G—W67&—BÖW6Æ–çBöW6Æ–çB×ÇVv–â#¢#‚ãcbã"À¢$G—W67&—BÖW6Æ–çB÷'6W"#¢#‚ãcbã"À¢$G—W67&—BÖW6Æ–çB÷G—W67&—BÖW7G&VR#¢#‚ãcbã"À¢$G—W67&—BÖW6Æ–çB÷WF–Ç2#¢#‚ãcbã ¢ÒÀ¢&Væv–æW2#¢°¢&æöFR#¢%ã‚ã‚ãÇÂã#ã’ãÇÂãÓ#ãã ¢ÒÀ¢&gVæF–ær#¢°¢'G—R#¢&÷Væ6öÆÆV7F—fR"À¢'W&Â#¢&‡GG3¢òö÷Væ6öÆÆV7F—fRæ6öÒ÷G—W67&—BÖW6Æ–çB ¢ÒÀ¢'VW$FWVæFVæ6–W2#¢°¢&W6Æ–çB#¢%ã‚ãSrãÇÂã’ããÇÂããã"À¢'G—W67&—B#¢#ãÓBã‚ãBÃbãã ¢Ð¢ÒÀ¢&æöFUöÖöGVÆW2÷WFFRÖ'&÷w6W'6Æ—7BÖF"#¢°¢'fW'6–öâ#¢#ã2ã"À¢'&W6öÇfVB#¢&‡GG3¢ò÷&Vv—7G'’æçÖ§2æ÷&r÷WFFRÖ'&÷w6W'6Æ—7BÖF"òÒ÷WFFRÖ'&÷w6W'6Æ—7BÖF"Óã2ãçFw¢"À¢&–çFVw&—G’#¢'6†S"×‚ôÓg7sE–'“4æ3E3c•VæÆ—#4'¥'õCdÅv&·6§Fƒ2ò¶¦†f§5v§BõFWwC†£–TÄ–ö¥VcV§##•vW‡D‡&ôÓÒ"À¢&FWb#¢G'VRÀ¢&gVæF–ær#¢°¢°¢'G—R#¢&÷Væ6öÆÆV7F—fR"À¢'W&Â#¢&‡GG3¢òö÷Væ6öÆÆV7F—fRæ6öÒö'&÷w6W'6Æ—7B ¢ÒÀ¢°¢'G—R#¢'F–FVÆ–gB"À¢'W&Â#¢&‡GG3¢ò÷F–FVÆ–gBæ6öÒögVæF–æröv—F‡V"öçÒö'&÷w6W'6Æ—7B ¢ÒÀ¢°¢'G—R#¢&v—F‡V""À¢'W&Â#¢&‡GG3¢òöv—F‡V"æ6öÒ÷7öç6÷'2ö’ ¢Ð¢ÒÀ¢&Æ–6Vç6R#¢$Ô•B"À¢&FWVæFVæ6–W2#¢°¢&W66ÆFR#¢%ã2ã"ã"À¢'–6ö6öÆ÷'2#¢%ããã ¢ÒÀ¢&&–â#¢°¢'WFFRÖ'&÷w6W'6Æ—7BÖF"#¢&6Æ’æ§2 ¢ÒÀ¢'VW$FWVæFVæ6–W2#¢°¢&'&÷w6W'6Æ—7B#¢#ãÒBã#ã ¢Ð¢ÒÀ¢&æöFUöÖöGVÆW2÷W&’Ö§2#¢°¢'fW'6–öâ#¢#BãBã"À¢'&W6öÇfVB#¢&‡GG3¢ò÷&Vv—7G'’æçÖ§2æ÷&r÷W&’Ö§2òÒ÷W&’Ö§2ÓBãBãçFw¢"À¢&–çFVw&—G’#¢'6†S"Ów$µW—“35–3“‡DÔÇGuƒ”cuD–evÅs–Fó…vÃ–“6T†–VVƒ„†eTÃ&dÕ„³g£3†V4·3–g$7TÄ§fæD&sÓÒ"À¢&FWb#¢G'VRÀ¢&Æ–6Vç6R#¢$%4BÓ"Ô6ÆW6R"À¢&FWVæFVæ6–W2#¢°¢'Vç–6öFR#¢%ã"ãã ¢Ð¢ÒÀ¢&æöFUöÖöGVÆW2÷W6R×7–æ2ÖW‡FW&æÂ×7F÷&R#¢°¢'fW'6–öâ#¢#ãbã"À¢'&W6öÇfVB#¢&‡GG3¢ò÷&Vv—7G'’æçÖ§2æ÷&r÷W6R×7–æ2ÖW‡FW&æÂ×7F÷&RòÒ÷W6R×7–æ2ÖW‡FW&æÂ×7F÷&RÓãbãçFw¢"À¢&–çFVw&—G’#¢'6†S"Õdu7tuôç%—'…dd–´õW—s†ÄfVäô†–¥vµUG$Gg$cDÇ–Å$2ô´6¶U3–GTÓ4·e•%†æWgCt”Ã“Rµ¥—sÓÒ"À¢&Æ–6Vç6R#¢$Ô•B"À¢'VW$FWVæFVæ6–W2#¢°¢'&V7B#¢%ãbã‚ãÇÂãrããÇÂã‚ããÇÂã’ãã ¢Ð¢ÒÀ¢&æöFUöÖöGVÆW2÷WF–Æ—G’×G—W2#¢°¢'fW'6–öâ#¢#2ãã"À¢'&W6öÇfVB#¢&‡GG3¢ò÷&Vv—7G'’æçÖ§2æ÷&r÷WF–Æ—G’×G—W2òÒ÷WF–Æ—G’×G—W2Ó2ããçFw¢"À¢&–çFVw&—G’#¢'6†S"Óe£tÖ&dUv—6ÃeGd$7“u‡&Ó$ÅõcfD£vV4––—„†7vf$£ƒvÕvF&7vÄ”ÓT”u…¥4e–W$7ÄôöT¶ô¥”Ö·sÓÒ"À¢&Æ–6Vç6R#¢$Ô•B"À¢&Væv–æW2#¢°¢&æöFR#¢#ãÒB ¢Ð¢ÒÀ¢&æöFUöÖöGVÆW2÷f—FR#¢°¢'fW'6–öâ#¢#bãBã2"À¢'&W6öÇfVB#¢&‡GG3¢ò÷&Vv—7G'’æçÖ§2æ÷&r÷f—FRòÒ÷f—FRÓbãBã2çFw¢"À¢&–çFVw&—G’#¢'6†S"ÔåD¶Æ5¦Ä³tÖÅ÷–#dÆv†3‡76ò÷g•T¥•t×w36¦s#UD§rôÆFG”e5e§v$–5§”´“ƒW4dSD„'%D„ÓÒ"À¢&FWb#¢G'VRÀ¢&Æ–6Vç6R#¢$Ô•B"À¢&FWVæFVæ6–W2#¢°¢&W6'V–ÆB#¢%ãã#Rã"À¢&fF—"#¢%ãbãBãB"À¢'–6öÖF6‚#¢%ãBãã""À¢'÷7F772#¢%ã‚ãRã2"À¢'&öÆÇW#¢%ãBã3Bã’"À¢'F–ç–vÆö&'’#¢%ãã"ã2 ¢ÒÀ¢&&–â#¢°¢'f—FR#¢&&–â÷f—FRæ§2 ¢ÒÀ¢&Væv–æW2#¢°¢&æöFR#¢%ã‚ããÇÂã#ããÇÂãÓ#"ãã ¢ÒÀ¢&gVæF–ær#¢°¢'W&Â#¢&‡GG3¢òöv—F‡V"æ6öÒ÷f—FV§2÷f—FS÷7öç6÷#Ó ¢ÒÀ¢&÷F–öæÄFWVæFVæ6–W2#¢°¢&g6WfVçG2#¢'ã"ã2ã2 ¢ÒÀ¢'VW$FWVæFVæ6–W2#¢°¢$G—W2öæöFR#¢%ã‚ããÇÂã#ããÇÂãÓ#"ãã"À¢&¦—F’#¢#ãÓã#ã"À¢&ÆW72#¢"¢"À¢&Æ–v‡Fæ–æv772#¢%ãã#ã"À¢'672#¢"¢"À¢'672ÖVÖ&VFFVB#¢"¢"À¢'7G–ÇW2#¢"¢"À¢'7Vv'72#¢"¢"À¢'FW'6W"#¢%ãRãbã"À¢'G7‚#¢%ãBã‚ã"À¢'–ÖÂ#¢%ã"ãBã" ¢ÒÀ¢'VW$FWVæFVæ6–W4ÖWF#¢°¢$G—W2öæöFR#¢°¢&÷F–öæÂ#¢G'VP¢ÒÀ¢&¦—F’#¢°¢&÷F–öæÂ#¢G'VP¢ÒÀ¢&ÆW72#¢°¢&÷F–öæÂ#¢G'VP¢ÒÀ¢&Æ–v‡Fæ–æv772#¢°¢&÷F–öæÂ#¢G'VP¢ÒÀ¢'672#¢°¢&÷F–öæÂ#¢G'VP¢ÒÀ¢'672ÖVÖ&VFFVB#¢°¢&÷F–öæÂ#¢G'VP¢ÒÀ¢'7G–ÇW2#¢°¢&÷F–öæÂ#¢G'VP¢ÒÀ¢'7Vv'72#¢°¢&÷F–öæÂ#¢G'VP¢ÒÀ¢'FW'6W"#¢°¢&÷F–öæÂ#¢G'VP¢ÒÀ¢'G7‚#¢°¢&÷F–öæÂ#¢G'VP¢ÒÀ¢'–ÖÂ#¢°¢&÷F–öæÂ#¢G'VP¢Ð¢Ð¢ÒÀ¢&æöFUöÖöGVÆW2÷vV&vÂÖ6öç7FçG2#¢°¢'fW'6–öâ#¢#ãã"À¢'&W6öÇfVB#¢&‡GG3¢ò÷&Vv—7G'’æçÖ§2æ÷&r÷vV&vÂÖ6öç7FçG2òÒ÷vV&vÂÖ6öç7FçG2ÓããçFw¢"À¢&–çFVw&—G’#¢'6†S"ÔÆ´%„¶¥SW#—dstv7S5CWR³V7e7fƒUwt”æG#2³–§¥d#C6¥VU$GF²õt…–Ef£vVd6tÓs4$tfÄ–”çFFsÓÒ ¢ÒÀ¢&æöFUöÖöGVÆW2÷vV&vÂ×6FbÖvVæW&F÷"#¢°¢'fW'6–öâ#¢#ãã"À¢'&W6öÇfVB#¢&‡GG3¢ò÷&Vv—7G'’æçÖ§2æ÷&r÷vV&vÂ×6FbÖvVæW&F÷"òÒ÷vV&vÂ×6FbÖvVæW&F÷"ÓããçFw¢"À¢&–çFVw&—G’#¢'6†S"Ó•£¦4ÕDg†TR¶#'ƒÄ¥FFæC‡%C†WtÕg†´çv÷–4æÔ¥wuG¦õ‡¤Öƒ&¤¥6‚ôTe´µ•¥VÆ“ƒFƒ†$¥¤d•£&¤ÓÒ"À¢&Æ–6Vç6R#¢$Ô•B ¢ÒÀ¢&æöFUöÖöGVÆW2÷v†–6‚#¢°¢'fW'6–öâ#¢#"ãã""À¢'&W6öÇfVB#¢&‡GG3¢ò÷&Vv—7G'’æçÖ§2æ÷&r÷v†–6‚òÒ÷v†–6‚Ó"ãã"çFw¢"À¢&–çFVw&—G’#¢'6†S"Ô$Ä“5FÃEs5fÃsÃ7—5“cF’¶wu‡4t%•v¶·×Fæ%†w$ÔB·–£w&…s·TTG‡¤¦•„v¤UsVöv´äÔT´äÖ¦–$ÓÒ"À¢&Æ–6Vç6R#¢$•42"À¢&FWVæFVæ6–W2#¢°¢&—6W†R#¢%ã"ãã ¢ÒÀ¢&&–â#¢°¢&æöFR×v†–6‚#¢&&–âöæöFR×v†–6‚ ¢ÒÀ¢&Væv–æW2#¢°¢&æöFR#¢#ãÒ‚ ¢Ð¢ÒÀ¢&æöFUöÖöGVÆW2÷v÷&B×w&#¢°¢'fW'6–öâ#¢#ã"ãR"À¢'&W6öÇfVB#¢&‡GG3¢ò÷&Vv—7G'’æçÖ§2æ÷&r÷v÷&B×w&òÒ÷v÷&B×w&Óã"ãRçFw¢"À¢&–çFVw&—G’#¢'6†S"Ô$ã#$#VVÔÔ“•T×F§$vCVsVT5•5EW“d¥†%—6CW¥—†¤dö6µ3S55DS7vµfõw……f#4'%–4TãEGvST#V4ÓÒ"À¢&FWb#¢G'VRÀ¢&Æ–6Vç6R#¢$Ô•B"À¢&Væv–æW2#¢°¢&æöFR#¢#ãÓãã ¢Ð¢ÒÀ¢&æöFUöÖöGVÆW2÷–ÆÆ—7B#¢°¢'fW'6–öâ#¢#2ãã"À¢'&W6öÇfVB#¢&‡GG3¢ò÷&Vv—7G'’æçÖ§2æ÷&r÷–ÆÆ—7BòÒ÷–ÆÆ—7BÓ2ããçFw¢"À¢&–çFVw&—G’#¢'6†S"ÖETuuƒS–Ôõ…U–äs&Wvæ53F“DcC5Gc4¦ôÒ·3%dDÕ3”ç4³„wDÔÇ$4…·4eCvƒ4³eDöõTæã'#u&õ‡ƒFsÓÒ"À¢&FWb#¢G'VRÀ¢&Æ–6Vç6R#¢$•42 ¢ÒÀ¢&æöFUöÖöGVÆW2÷–ö7Fò×VWVR#¢°¢'fW'6–öâ#¢#ãã"À¢'&W6öÇfVB#¢&‡GG3¢ò÷&Vv—7G'’æçÖ§2æ÷&r÷–ö7Fò×VWVRòÒ÷–ö7Fò×VWVRÓããçFw¢"À¢&–çFVw&—G’#¢'6†S"×%f·7g6ää6D¢öö„v3g†uw”ã†V†T7‡6”ÄÓ†×‡TR÷BöÔõg¦WuTóÖ”ÇD…•&uD´4ÆW„ÃDÖTefwG3t†Ôå£%ÓÒ"À¢&FWb#¢G'VRÀ¢&Æ–6Vç6R#¢$Ô•B"À¢&Væv–æW2#¢°¢&æöFR#¢#ãÓ ¢ÒÀ¢&gVæF–ær#¢°¢'W&Â#¢&‡GG3¢òöv—F‡V"æ6öÒ÷7öç6÷'2÷6–æG&W6÷&‡W2 ¢Ð¢ÒÀ¢&æöFUöÖöGVÆW2÷§W7FæB#¢°¢'fW'6–öâ#¢#RããB"À¢'&W6öÇfVB#¢&‡GG3¢ò÷&Vv—7G'’æçÖ§2æ÷&r÷§W7FæBòÒ÷§W7FæBÓRããBçFw¢"À¢&–çFVw&—G’#¢'6†S"Òó‡D7ÓTÄÕ##†#6gtÅ—'FF£stT7e§f–sT4ÕFçtó„•7–SDtD”ró—$DE—ö4ƒ”C%‡s$%%†vÄÄ–æÕd%"ösÓÒ"À¢&Æ–6Vç6R#¢$Ô•B"À¢&Væv–æW2#¢°¢&æöFR#¢#ãÓ"ã#ã ¢ÒÀ¢'VW$FWVæFVæ6–W2#¢°¢$G—W2÷&V7B#¢#ãÓ‚ãã"À¢&–ÖÖW"#¢#ãÓ’ããb"À¢'&V7B#¢#ãÓ‚ãã"À¢'W6R×7–æ2ÖW‡FW&æÂ×7F÷&R#¢#ãÓã"ã ¢ÒÀ¢'VW$FWVæFVæ6–W4ÖWF#¢°¢$G—W2÷&V7B#¢°¢&÷F–öæÂ#¢G'VP¢ÒÀ¢&–ÖÖW"#¢°¢&÷F–öæÂ#¢G'VP¢ÒÀ¢'&V7B#¢°¢&÷F–öæÂ#¢G'VP¢ÒÀ¢'W6R×7–æ2ÖW‡FW&æÂ×7F÷&R#¢°¢&÷F–öæÂ#¢G'VP¢Ð¢Ð¢Ð¢Ð§Ð 